
Microsoft Visual Studio Solution File, Format Version 12.00
# Visual Studio 15
VisualStudioVersion = 15.0.26228.9
MinimumVisualStudioVersion = 10.0.40219.1
Project("{FAE04EC0-301F-11D3-BF4B-00C04F79EFBC}") = "BSA.VersionSelector.ConsoleApp", "BSA.VersionSelector.Console\BSA.VersionSelector.ConsoleApp.csproj", "{F466F0C8-0451-4EA4-9A46-154029BAF80F}"
EndProject
Project("{FAE04EC0-301F-11D3-BF4B-00C04F79EFBC}") = "BSA.VersionSelector.Domain", "BSA.VersionSelector.Domain\BSA.VersionSelector.Domain.csproj", "{B93AEF03-15B4-4160-9DD8-A6737655C884}"
EndProject
Global
	GlobalSection(SolutionConfigurationPlatforms) = preSolution
		Debug|Any CPU = Debug|Any CPU
		Release|Any CPU = Release|Any CPU
	EndGlobalSection
	GlobalSection(ProjectConfigurationPlatforms) = postSolution
		{F466F0C8-0451-4EA4-9A46-154029BAF80F}.Debug|Any CPU.ActiveCfg = Debug|Any CPU
		{F466F0C8-0451-4EA4-9A46-154029BAF80F}.Debug|Any CPU.Build.0 = Debug|Any CPU
		{F466F0C8-0451-4EA4-9A46-154029BAF80F}.Release|Any CPU.ActiveCfg = Release|Any CPU
		{F466F0C8-0451-4EA4-9A46-154029BAF80F}.Release|Any CPU.Build.0 = Release|Any CPU
		{B93AEF03-15B4-4160-9DD8-A6737655C884}.Debug|Any CPU.ActiveCfg = Debug|Any CPU
		{B93AEF03-15B4-4160-9DD8-A6737655C884}.Debug|Any CPU.Build.0 = Debug|Any CPU
		{B93AEF03-15B4-4160-9DD8-A6737655C884}.Release|Any CPU.ActiveCfg = Release|Any CPU
		{B93AEF03-15B4-4160-9DD8-A6737655C884}.Release|Any CPU.Build.0 = Release|Any CPU
	EndGlobalSection
	GlobalSection(SolutionProperties) = preSolution
		HideSolutionNode = FALSE
	EndGlobalSection
EndGlobal
